// !$*UTF8*$!
{
	archiveVersion = 1;
	classes = {
	};
	objectVersion = 46;
	objects = {

/* Begin PBXBuildFile section */
		2B303C431D1B4ABC00223F96 /* DetailsViewController.swift in Sources */ = {isa = PBXBuildFile; fileRef = 2B303C421D1B4ABC00223F96 /* DetailsViewController.swift */; };
		2B303C451D1B65BD00223F96 /* MyPhotoCell.swift in Sources */ = {isa = PBXBuildFile; fileRef = 2B303C441D1B65BD00223F96 /* MyPhotoCell.swift */; };
		2B5183031D1DDF4600670AC3 /* HomeTabBarController.swift in Sources */ = {isa = PBXBuildFile; fileRef = 2B5183021D1DDF4600670AC3 /* HomeTabBarController.swift */; };
		2B5AEFDE1D18BD2000F298B6 /* CaptureViewController.swift in Sources */ = {isa = PBXBuildFile; fileRef = 2B5AEFDD1D18BD2000F298B6 /* CaptureViewController.swift */; };
		2B73E8541D188FC300B5C178 /* AppDelegate.swift in Sources */ = {isa = PBXBuildFile; fileRef = 2B73E8531D188FC300B5C178 /* AppDelegate.swift */; };
		2B73E8561D188FC300B5C178 /* ViewController.swift in Sources */ = {isa = PBXBuildFile; fileRef = 2B73E8551D188FC300B5C178 /* ViewController.swift */; };
		2B73E8591D188FC300B5C178 /* Main.storyboard in Resources */ = {isa = PBXBuildFile; fileRef = 2B73E8571D188FC300B5C178 /* Main.storyboard */; };
		2B73E85B1D188FC300B5C178 /* Assets.xcassets in Resources */ = {isa = PBXBuildFile; fileRef = 2B73E85A1D188FC300B5C178 /* Assets.xcassets */; };
		2B73E85E1D188FC300B5C178 /* LaunchScreen.storyboard in Resources */ = {isa = PBXBuildFile; fileRef = 2B73E85C1D188FC300B5C178 /* LaunchScreen.storyboard */; };
		2B73E8691D188FC400B5C178 /* KaptureTests.swift in Sources */ = {isa = PBXBuildFile; fileRef = 2B73E8681D188FC400B5C178 /* KaptureTests.swift */; };
		2B73E8741D188FC400B5C178 /* KaptureUITests.swift in Sources */ = {isa = PBXBuildFile; fileRef = 2B73E8731D188FC400B5C178 /* KaptureUITests.swift */; };
		2B73E8821D18927900B5C178 /* LoginViewController.swift in Sources */ = {isa = PBXBuildFile; fileRef = 2B73E8811D18927900B5C178 /* LoginViewController.swift */; };
		2B73E8841D189A4500B5C178 /* HomeViewController.swift in Sources */ = {isa = PBXBuildFile; fileRef = 2B73E8831D189A4500B5C178 /* HomeViewController.swift */; };
		2B73E8881D18A8B400B5C178 /* PhotoCell.swift in Sources */ = {isa = PBXBuildFile; fileRef = 2B73E8871D18A8B400B5C178 /* PhotoCell.swift */; };
		2B73E88A1D18A99B00B5C178 /* ProfileViewController.swift in Sources */ = {isa = PBXBuildFile; fileRef = 2B73E8891D18A99B00B5C178 /* ProfileViewController.swift */; };
		2BB790FC1D19F7C8004194E6 /* Post.swift in Sources */ = {isa = PBXBuildFile; fileRef = 2BB790FB1D19F7C8004194E6 /* Post.swift */; };
		9A08D3563180FBD2307C9EB8 /* Pods_KaptureUITests.framework in Frameworks */ = {isa = PBXBuildFile; fileRef = 308740BC94587C3E88BE4AB5 /* Pods_KaptureUITests.framework */; };
		A3BD3C8EE315446F87DE1B7E /* Pods_KaptureTests.framework in Frameworks */ = {isa = PBXBuildFile; fileRef = 5EA21763E81AD22BE461B551 /* Pods_KaptureTests.framework */; };
		E80F458A8FB79198195A7328 /* Pods_Kapture.framework in Frameworks */ = {isa = PBXBuildFile; fileRef = EAA260776F2D3C8062FD728E /* Pods_Kapture.framework */; };
/* End PBXBuildFile section */

/* Begin PBXContainerItemProxy section */
		2B73E8651D188FC400B5C178 /* PBXContainerItemProxy */ = {
			isa = PBXContainerItemProxy;
			containerPortal = 2B73E8481D188FC300B5C178 /* Project object */;
			proxyType = 1;
			remoteGlobalIDString = 2B73E84F1D188FC300B5C178;
			remoteInfo = Kapture;
		};
		2B73E8701D188FC400B5C178 /* PBXContainerItemProxy */ = {
			isa = PBXContainerItemProxy;
			containerPortal = 2B73E8481D188FC300B5C178 /* Project object */;
			proxyType = 1;
			remoteGlobalIDString = 2B73E84F1D188FC300B5C178;
			remoteInfo = Kapture;
		};
/* End PBXContainerItemProxy section */

/* Begin PBXFileReference section */
		2B303C421D1B4ABC00223F96 /* DetailsViewController.swift */ = {isa = PBXFileReference; fileEncoding = 4; lastKnownFileType = sourcecode.swift; path = DetailsViewController.swift; sourceTree = "<group>"; };
		2B303C441D1B65BD00223F96 /* MyPhotoCell.swift */ = {isa = PBXFileReference; fileEncoding = 4; lastKnownFileType = sourcecode.swift; path = MyPhotoCell.swift; sourceTree = "<group>"; };
		2B5183021D1DDF4600670AC3 /* HomeTabBarController.swift */ = {isa = PBXFileReference; fileEncoding = 4; lastKnownFileType = sourcecode.swift; path = HomeTabBarController.swift; sourceTree = "<group>"; };
		2B5AEFDD1D18BD2000F298B6 /* CaptureViewController.swift */ = {isa = PBXFileReference; fileEncoding = 4; lastKnownFileType = sourcecode.swift; path = CaptureViewController.swift; sourceTree = "<group>"; };
		2B73E8501D188FC300B5C178 /* Kapture.app */ = {isa = PBXFileReference; explicitFileType = wrapper.application; includeInIndex = 0; path = Kapture.app; sourceTree = BUILT_PRODUCTS_DIR; };
		2B73E8531D188FC300B5C178 /* AppDelegate.swift */ = {isa = PBXFileReference; lastKnownFileType = sourcecode.swift; path = AppDelegate.swift; sourceTree = "<group>"; };
		2B73E8551D188FC300B5C178 /* ViewController.swift */ = {isa = PBXFileReference; lastKnownFileType = sourcecode.swift; path = ViewController.swift; sourceTree = "<group>"; };
		2B73E8581D188FC300B5C178 /* Base */ = {isa = PBXFileReference; lastKnownFileType = file.storyboard; name = Base; path = Base.lproj/Main.storyboard; sourceTree = "<group>"; };
		2B73E85A1D188FC300B5C178 /* Assets.xcassets */ = {isa = PBXFileReference; lastKnownFileType = folder.assetcatalog; path = Assets.xcassets; sourceTree = "<group>"; };
		2B73E85D1D188FC300B5C178 /* Base */ = {isa = PBXFileReference; lastKnownFileType = file.storyboard; name = Base; path = Base.lproj/LaunchScreen.storyboard; sourceTree = "<group>"; };
		2B73E85F1D188FC300B5C178 /* Info.plist */ = {isa = PBXFileReference; lastKnownFileType = text.plist.xml; path = Info.plist; sourceTree = "<group>"; };
		2B73E8641D188FC400B5C178 /* KaptureTests.xctest */ = {isa = PBXFileReference; explicitFileType = wrapper.cfbundle; includeInIndex = 0; path = KaptureTests.xctest; sourceTree = BUILT_PRODUCTS_DIR; };
		2B73E8681D188FC400B5C178 /* KaptureTests.swift */ = {isa = PBXFileReference; lastKnownFileType = sourcecode.swift; path = KaptureTests.swift; sourceTree = "<group>"; };
		2B73E86A1D188FC400B5C178 /* Info.plist */ = {isa = PBXFileReference; lastKnownFileType = text.plist.xml; path = Info.plist; sourceTree = "<group>"; };
		2B73E86F1D188FC400B5C178 /* KaptureUITests.xctest */ = {isa = PBXFileReference; explicitFileType = wrapper.cfbundle; includeInIndex = 0; path = KaptureUITests.xctest; sourceTree = BUILT_PRODUCTS_DIR; };
		2B73E8731D188FC400B5C178 /* KaptureUITests.swift */ = {isa = PBXFileReference; lastKnownFileType = sourcecode.swift; path = KaptureUITests.swift; sourceTree = "<group>"; };
		2B73E8751D188FC400B5C178 /* Info.plist */ = {isa = PBXFileReference; lastKnownFileType = text.plist.xml; path = Info.plist; sourceTree = "<group>"; };
		2B73E8811D18927900B5C178 /* LoginViewController.swift */ = {isa = PBXFileReference; fileEncoding = 4; lastKnownFileType = sourcecode.swift; path = LoginViewController.swift; sourceTree = "<group>"; };
		2B73E8831D189A4500B5C178 /* HomeViewController.swift */ = {isa = PBXFileReference; fileEncoding = 4; lastKnownFileType = sourcecode.swift; path = HomeViewController.swift; sourceTree = "<group>"; };
		2B73E8871D18A8B400B5C178 /* PhotoCell.swift */ = {isa = PBXFileReference; fileEncoding = 4; lastKnownFileType = sourcecode.swift; path = PhotoCell.swift; sourceTree = "<group>"; };
		2B73E8891D18A99B00B5C178 /* ProfileViewController.swift */ = {isa = PBXFileReference; fileEncoding = 4; lastKnownFileType = sourcecode.swift; path = ProfileViewController.swift; sourceTree = "<group>"; };
		2BB790FB1D19F7C8004194E6 /* Post.swift */ = {isa = PBXFileReference; fileEncoding = 4; lastKnownFileType = sourcecode.swift; path = Post.swift; sourceTree = "<group>"; };
		308740BC94587C3E88BE4AB5 /* Pods_KaptureUITests.framework */ = {isa = PBXFileReference; explicitFileType = wrapper.framework; includeInIndex = 0; path = Pods_KaptureUITests.framework; sourceTree = BUILT_PRODUCTS_DIR; };
		40F55E2A8F71AE6C07E60350 /* Pods-KaptureTests.release.xcconfig */ = {isa = PBXFileReference; includeInIndex = 1; lastKnownFileType = text.xcconfig; name = "Pods-KaptureTests.release.xcconfig"; path = "Pods/Target Support Files/Pods-KaptureTests/Pods-KaptureTests.release.xcconfig"; sourceTree = "<group>"; };
		5EA21763E81AD22BE461B551 /* Pods_KaptureTests.framework */ = {isa = PBXFileReference; explicitFileType = wrapper.framework; includeInIndex = 0; path = Pods_KaptureTests.framework; sourceTree = BUILT_PRODUCTS_DIR; };
		5F0A1EDC9EC45A762E4ADC6A /* Pods-KaptureUITests.release.xcconfig */ = {isa = PBXFileReference; includeInIndex = 1; lastKnownFileType = text.xcconfig; name = "Pods-KaptureUITests.release.xcconfig"; path = "Pods/Target Support Files/Pods-KaptureUITests/Pods-KaptureUITests.release.xcconfig"; sourceTree = "<group>"; };
		9E48CFBB805F5C4676CF7661 /* Pods-KaptureTests.debug.xcconfig */ = {isa = PBXFileReference; includeInIndex = 1; lastKnownFileType = text.xcconfig; name = "Pods-KaptureTests.debug.xcconfig"; path = "Pods/Target Support Files/Pods-KaptureTests/Pods-KaptureTests.debug.xcconfig"; sourceTree = "<group>"; };
		E0701B64A4C8D28E6493DCE6 /* Pods-KaptureUITests.debug.xcconfig */ = {isa = PBXFileReference; includeInIndex = 1; lastKnownFileType = text.xcconfig; name = "Pods-KaptureUITests.debug.xcconfig"; path = "Pods/Target Support Files/Pods-KaptureUITests/Pods-KaptureUITests.debug.xcconfig"; sourceTree = "<group>"; };
		EAA260776F2D3C8062FD728E /* Pods_Kapture.framework */ = {isa = PBXFileReference; explicitFileType = wrapper.framework; includeInIndex = 0; path = Pods_Kapture.framework; sourceTree = BUILT_PRODUCTS_DIR; };
		F670C9177F27E6BB27C03E0D /* Pods-Kapture.release.xcconfig */ = {isa = PBXFileReference; includeInIndex = 1; lastKnownFileType = text.xcconfig; name = "Pods-Kapture.release.xcconfig"; path = "Pods/Target Support Files/Pods-Kapture/Pods-Kapture.release.xcconfig"; sourceTree = "<group>"; };
		FB7C882568F18D309B02CD67 /* Pods-Kapture.debug.xcconfig */ = {isa = PBXFileReference; includeInIndex = 1; lastKnownFileType = text.xcconfig; name = "Pods-Kapture.debug.xcconfig"; path = "Pods/Target Support Files/Pods-Kapture/Pods-Kapture.debug.xcconfig"; sourceTree = "<group>"; };
/* End PBXFileReference section */

/* Begin PBXFrameworksBuildPhase section */
		2B73E84D1D188FC300B5C178 /* Frameworks */ = {
			isa = PBXFrameworksBuildPhase;
			buildActionMask = 2147483647;
			files = (
				E80F458A8FB79198195A7328 /* Pods_Kapture.framework in Frameworks */,
			);
			runOnlyForDeploymentPostprocessing = 0;
		};
		2B73E8611D188FC300B5C178 /* Frameworks */ = {
			isa = PBXFrameworksBuildPhase;
			buildActionMask = 2147483647;
			files = (
				A3BD3C8EE315446F87DE1B7E /* Pods_KaptureTests.framework in Frameworks */,
			);
			runOnlyForDeploymentPostprocessing = 0;
		};
		2B73E86C1D188FC400B5C178 /* Frameworks */ = {
			isa = PBXFrameworksBuildPhase;
			buildActionMask = 2147483647;
			files = (
				9A08D3563180FBD2307C9EB8 /* Pods_KaptureUITests.framework in Frameworks */,
			);
			runOnlyForDeploymentPostprocessing = 0;
		};
/* End PBXFrameworksBuildPhase section */

/* Begin PBXGroup section */
		2B73E8471D188FC300B5C178 = {
			isa = PBXGroup;
			children = (
				2B73E8521D188FC300B5C178 /* Kapture */,
				2B73E8671D188FC400B5C178 /* KaptureTests */,
				2B73E8721D188FC400B5C178 /* KaptureUITests */,
				2B73E8511D188FC300B5C178 /* Products */,
				F7A5FBAEB8788A971025F1AE /* Pods */,
				99494AE79A0F1DAD62C5EB3A /* Frameworks */,
			);
			sourceTree = "<group>";
		};
		2B73E8511D188FC300B5C178 /* Products */ = {
			isa = PBXGroup;
			children = (
				2B73E8501D188FC300B5C178 /* Kapture.app */,
				2B73E8641D188FC400B5C178 /* KaptureTests.xctest */,
				2B73E86F1D188FC400B5C178 /* KaptureUITests.xctest */,
			);
			name = Products;
			sourceTree = "<group>";
		};
		2B73E8521D188FC300B5C178 /* Kapture */ = {
			isa = PBXGroup;
			children = (
				2B73E8531D188FC300B5C178 /* AppDelegate.swift */,
				2B73E8571D188FC300B5C178 /* Main.storyboard */,
				2B73E88B1D18A9A200B5C178 /* View Controllers */,
				2B73E88C1D18A9B500B5C178 /* Views */,
				2BB790FB1D19F7C8004194E6 /* Post.swift */,
				2B5183021D1DDF4600670AC3 /* HomeTabBarController.swift */,
				2B73E85A1D188FC300B5C178 /* Assets.xcassets */,
				2B73E85C1D188FC300B5C178 /* LaunchScreen.storyboard */,
				2B73E85F1D188FC300B5C178 /* Info.plist */,
			);
			path = Kapture;
			sourceTree = "<group>";
		};
		2B73E8671D188FC400B5C178 /* KaptureTests */ = {
			isa = PBXGroup;
			children = (
				2B73E8681D188FC400B5C178 /* KaptureTests.swift */,
				2B73E86A1D188FC400B5C178 /* Info.plist */,
			);
			path = KaptureTests;
			sourceTree = "<group>";
		};
		2B73E8721D188FC400B5C178 /* KaptureUITests */ = {
			isa = PBXGroup;
			children = (
				2B73E8731D188FC400B5C178 /* KaptureUITests.swift */,
				2B73E8751D188FC400B5C178 /* Info.plist */,
			);
			path = KaptureUITests;
			sourceTree = "<group>";
		};
		2B73E88B1D18A9A200B5C178 /* View Controllers */ = {
			isa = PBXGroup;
			children = (
				2B73E8551D188FC300B5C178 /* ViewController.swift */,
				2B73E8811D18927900B5C178 /* LoginViewController.swift */,
				2B73E8831D189A4500B5C178 /* HomeViewController.swift */,
				2B73E8891D18A99B00B5C178 /* ProfileViewController.swift */,
				2B5AEFDD1D18BD2000F298B6 /* CaptureViewController.swift */,
				2B303C421D1B4ABC00223F96 /* DetailsViewController.swift */,
			);
			name = "View Controllers";
			sourceTree = "<group>";
		};
		2B73E88C1D18A9B500B5C178 /* Views */ = {
			isa = PBXGroup;
			children = (
				2B73E8871D18A8B400B5C178 /* PhotoCell.swift */,
				2B303C441D1B65BD00223F96 /* MyPhotoCell.swift */,
			);
			name = Views;
			sourceTree = "<group>";
		};
		99494AE79A0F1DAD62C5EB3A /* Frameworks */ = {
			isa = PBXGroup;
			children = (
				EAA260776F2D3C8062FD728E /* Pods_Kapture.framework */,
				5EA21763E81AD22BE461B551 /* Pods_KaptureTests.framework */,
				308740BC94587C3E88BE4AB5 /* Pods_KaptureUITests.framework */,
			);
			name = Frameworks;
			sourceTree = "<group>";
		};
		F7A5FBAEB8788A971025F1AE /* Pods */ = {
			isa = PBXGroup;
			children = (
				FB7C882568F18D309B02CD67 /* Pods-Kapture.debug.xcconfig */,
				F670C9177F27E6BB27C03E0D /* Pods-Kapture.release.xcconfig */,
				9E48CFBB805F5C4676CF7661 /* Pods-KaptureTests.debug.xcconfig */,
				40F55E2A8F71AE6C07E60350 /* Pods-KaptureTests.release.xcconfig */,
				E0701B64A4C8D28E6493DCE6 /* Pods-KaptureUITests.debug.xcconfig */,
				5F0A1EDC9EC45A762E4ADC6A /* Pods-KaptureUITests.release.xcconfig */,
			);
			name = Pods;
			sourceTree = "<group>";
		};
/* End PBXGroup section */

/* Begin PBXNativeTarget section */
		2B73E84F1D188FC300B5C178 /* Kapture */ = {
			isa = PBXNativeTarget;
			buildConfigurationList = 2B73E8781D188FC400B5C178 /* Build configuration list for PBXNativeTarget "Kapture" */;
			buildPhases = (
				62FCB8C5DA998ACA08A0F9DE /* [CP] Check Pods Manifest.lock */,
				2B73E84C1D188FC300B5C178 /* Sources */,
				2B73E84D1D188FC300B5C178 /* Frameworks */,
				2B73E84E1D188FC300B5C178 /* Resources */,
				0B14BF85F9040D1579E8B152 /* [CP] Embed Pods Frameworks */,
				7A524AD393325E3CB46CADCD /* [CP] Copy Pods Resources */,
			);
			buildRules = (
			);
			dependencies = (
			);
			name = Kapture;
			productName = Kapture;
			productReference = 2B73E8501D188FC300B5C178 /* Kapture.app */;
			productType = "com.apple.product-type.application";
		};
		2B73E8631D188FC300B5C178 /* KaptureTests */ = {
			isa = PBXNativeTarget;
			buildConfigurationList = 2B73E87B1D188FC400B5C178 /* Build configuration list for PBXNativeTarget "KaptureTests" */;
			buildPhases = (
				2C746818BF85965AB36726F1 /* [CP] Check Pods Manifest.lock */,
				2B73E8601D188FC300B5C178 /* Sources */,
				2B73E8611D188FC300B5C178 /* Frameworks */,
				2B73E8621D188FC300B5C178 /* Resources */,
				BBC0FF987C54528151843EBD /* [CP] Embed Pods Frameworks */,
				B9299C19E5B498A7102555B4 /* [CP] Copy Pods Resources */,
			);
			buildRules = (
			);
			dependencies = (
				2B73E8661D188FC400B5C178 /* PBXTargetDependency */,
			);
			name = KaptureTests;
			productName = KaptureTests;
			productReference = 2B73E8641D188FC400B5C178 /* KaptureTests.xctest */;
			productType = "com.apple.product-type.bundle.unit-test";
		};
		2B73E86E1D188FC400B5C178 /* KaptureUITests */ = {
			isa = PBXNativeTarget;
			buildConfigurationList = 2B73E87E1D188FC400B5C178 /* Build configuration list for PBXNativeTarget "KaptureUITests" */;
			buildPhases = (
				FE254BCED12C9890F9A74393 /* [CP] Check Pods Manifest.lock */,
				2B73E86B1D188FC400B5C178 /* Sources */,
				2B73E86C1D188FC400B5C178 /* Frameworks */,
				2B73E86D1D188FC400B5C178 /* Resources */,
				4CF705B65ADF7B219350A3B0 /* [CP] Copy Pods Resources */,
			);
			buildRules = (
			);
			dependencies = (
				2B73E8711D188FC400B5C178 /* PBXTargetDependency */,
			);
			name = KaptureUITests;
			productName = KaptureUITests;
			productReference = 2B73E86F1D188FC400B5C178 /* KaptureUITests.xctest */;
			productType = "com.apple.product-type.bundle.ui-testing";
		};
/* End PBXNativeTarget section */

/* Begin PBXProject section */
		2B73E8481D188FC300B5C178 /* Project object */ = {
			isa = PBXProject;
			attributes = {
				LastSwiftUpdateCheck = 0730;
				LastUpgradeCheck = 0730;
				ORGANIZATIONNAME = "Valerie Chen";
				TargetAttributes = {
					2B73E84F1D188FC300B5C178 = {
						CreatedOnToolsVersion = 7.3.1;
					};
					2B73E8631D188FC300B5C178 = {
						CreatedOnToolsVersion = 7.3.1;
						TestTargetID = 2B73E84F1D188FC300B5C178;
					};
					2B73E86E1D188FC400B5C178 = {
						CreatedOnToolsVersion = 7.3.1;
						TestTargetID = 2B73E84F1D188FC300B5C178;
					};
				};
			};
			buildConfigurationList = 2B73E84B1D188FC300B5C178 /* Build configuration list for PBXProject "Kapture" */;
			compatibilityVersion = "Xcode 3.2";
			developmentRegion = English;
			hasScannedForEncodings = 0;
			knownRegions = (
				en,
				Base,
			);
			mainGroup = 2B73E8471D188FC300B5C178;
			productRefGroup = 2B73E8511D188FC300B5C178 /* Products */;
			projectDirPath = "";
			projectRoot = "";
			targets = (
				2B73E84F1D188FC300B5C178 /* Kapture */,
				2B73E8631D188FC300B5C178 /* KaptureTests */,
				2B73E86E1D188FC400B5C178 /* KaptureUITests */,
			);
		};
/* End PBXProject section */

/* Begin PBXResourcesBuildPhase section */
		2B73E84E1D188FC300B5C178 /* Resources */ = {
			isa = PBXResourcesBuildPhase;
			buildActionMask = 2147483647;
			files = (
				2B73E85E1D188FC300B5C178 /* LaunchScreen.storyboard in Resources */,
				2B73E85B1D188FC300B5C178 /* Assets.xcassets in Resources */,
				2B73E8591D188FC300B5C178 /* Main.storyboard in Resources */,
			);
			runOnlyForDeploymentPostprocessing = 0;
		};
		2B73E8621D188FC300B5C178 /* Resources */ = {
			isa = PBXResourcesBuildPhase;
			buildActionMask = 2147483647;
			files = (
			);
			runOnlyForDeploymentPostprocessing = 0;
		};
		2B73E86D1D188FC400B5C178 /* Resources */ = {
			isa = PBXResourcesBuildPhase;
			buildActionMask = 2147483647;
			files = (
			);
			runOnlyForDeploymentPostprocessing = 0;
		};
/* End PBXResourcesBuildPhase section */

/* Begin PBXShellScriptBuildPhase section */
		0B14BF85F9040D1579E8B152 /* [CP] Embed Pods Frameworks */ = {
			isa = PBXShellScriptBuildPhase;
			buildActionMask = 2147483647;
			files = (
			);
			inputPaths = (
			);
			name = "[CP] Embed Pods Frameworks";
			outputPaths = (
			);
			runOnlyForDeploymentPostprocessing = 0;
			shellPath = /bin/sh;
			shellScript = "\"${SRCROOT}/Pods/Target Support Files/Pods-Kapture/Pods-Kapture-frameworks.sh\"\n";
			showEnvVarsInLog = 0;
		};
		2C746818BF85965AB36726F1 /* [CP] Check Pods Manifest.lock */ = {
			isa = PBXShellScriptBuildPhase;
			buildActionMask = 2147483647;
			files = (
			);
			inputPaths = (
			);
			name = "[CP] Check Pods Manifest.lock";
			outputPaths = (
			);
			runOnlyForDeploymentPostprocessing = 0;
			shellPath = /bin/sh;
			shellScript = "diff \"${PODS_ROOT}/../Podfile.lock\" \"${PODS_ROOT}/Manifest.lock\" > /dev/null\nif [[ $? != 0 ]] ; then\n    cat << EOM\nerror: The sandbox is not in sync with the Podfile.lock. Run 'pod install' or update your CocoaPods installation.\nEOM\n    exit 1\nfi\n";
			showEnvVarsInLog = 0;
		};
		4CF705B65ADF7B219350A3B0 /* [CP] Copy Pods Resources */ = {
			isa = PBXShellScriptBuildPhase;
			buildActionMask = 2147483647;
			files = (
			);
			inputPaths = (
			);
			name = "[CP] Copy Pods Resources";
			outputPaths = (
			);
			runOnlyForDeploymentPostprocessing = 0;
			shellPath = /bin/sh;
			shellScript = "\"${SRCROOT}/Pods/Target Support Files/Pods-KaptureUITests/Pods-KaptureUITests-resources.sh\"\n";
			showEnvVarsInLog = 0;
		};
		62FCB8C5DA998ACA08A0F9DE /* [CP] Check Pods Manifest.lock */ = {
			isa = PBXShellScriptBuildPhase;
			buildActionMask = 2147483647;
			files = (
			);
			inputPaths = (
			);
			name = "[CP] Check Pods Manifest.lock";
			outputPaths = (
			);
			runOnlyForDeploymentPostprocessing = 0;
			shellPath = /bin/sh;
			shellScript = "diff \"${PODS_ROOT}/../Podfile.lock\" \"${PODS_ROOT}/Manifest.lock\" > /dev/null\nif [[ $? != 0 ]] ; then\n    cat << EOM\nerror: The sandbox is not in sync with the Podfile.lock. Run 'pod install' or update your CocoaPods installation.\nEOM\n    exit 1\nfi\n";
			showEnvVarsInLog = 0;
		};
		7A524AD393325E3CB46CADCD /* [CP] Copy Pods Resources */ = {
			isa = PBXShellScriptBuildPhase;
			buildActionMask = 2147483647;
			files = (
			);
			inputPaths = (
			);
			name = "[CP] Copy Pods Resources";
			outputPaths = (
			);
			runOnlyForDeploymentPostprocessing = 0;
			shellPath = /bin/sh;
			shellScript = "\"${SRCROOT}/Pods/Target Support Files/Pods-Kapture/Pods-Kapture-resources.sh\"\n";
			showEnvVarsInLog = 0;
		};
		B9299C19E5B498A7102555B4 /* [CP] Copy Pods Resources */ = {
			isa = PBXShellScriptBuildPhase;
			buildActionMask = 2147483647;
			files = (
			);
			inputPaths = (
			);
			name = "[CP] Copy Pods Resources";
			outputPaths = (
			);
			runOnlyForDeploymentPostprocessing = 0;
			shellPath = /bin/sh;
			shellScript = "\"${SRCROOT}/Pods/Target Support Files/Pods-KaptureTests/Pods-KaptureTests-resources.sh\"\n";
			showEnvVarsInLog = 0;
		};
		BBC0FF987C54528151843EBD /* [CP] Embed Pods Frameworks */ = {
			isa = PBXShellScriptBuildPhase;
			buildActionMask = 2147483647;
			files = (
			);
			inputPaths = (
			);
			name = "[CP] Embed Pods Frameworks";
			outputPaths = (
			);
			runOnlyForDeploymentPostprocessing = 0;
			shellPath = /bin/sh;
			shellScript = "\"${SRCROOT}/Pods/Target Support Files/Pods-KaptureTests/Pods-KaptureTests-frameworks.sh\"\n";
			showEnvVarsInLog = 0;
		};
		FE254BCED12C9890F9A74393 /* [CP] Check Pods Manifest.lock */ = {
			isa = PBXShellScriptBuildPhase;
			buildActionMask = 2147483647;
			files = (
			);
			inputPaths = (
			);
			name = "[CP] Check Pods Manifest.lock";
			outputPaths = (
			);
			runOnlyForDeploymentPostprocessing = 0;
			shellPath = /bin/sh;
			shellScript = "diff \"${PODS_ROOT}/../Podfile.lock\" \"${PODS_ROOT}/Manifest.lock\" > /dev/null\nif [[ $? != 0 ]] ; then\n    cat << EOM\nerror: The sandbox is not in sync with the Podfile.lock. Run 'pod install' or update your CocoaPods installation.\nEOM\n    exit 1\nfi\n";
			showEnvVarsInLog = 0;
		};
/* End PBXShellScriptBuildPhase section */

/* Begin PBXSourcesBuildPhase section */
		2B73E84C1D188FC300B5C178 /* Sources */ = {
			isa = PBXSourcesBuildPhase;
			buildActionMask = 2147483647;
			files = (
				2B73E88A1D18A99B00B5C178 /* ProfileViewController.swift in Sources */,
				2B5AEFDE1D18BD2000F298B6 /* CaptureViewController.swift in Sources */,
				2B5183031D1DDF4600670AC3 /* HomeTabBarController.swift in Sources */,
				2B303C431D1B4ABC00223F96 /* DetailsViewController.swift in Sources */,
				2B73E8821D18927900B5C178 /* LoginViewController.swift in Sources */,
				2B303C451D1B65BD00223F96 /* MyPhotoCell.swift in Sources */,
				2BB790FC1D19F7C8004194E6 /* Post.swift in Sources */,
				2B73E8881D18A8B400B5C178 /* PhotoCell.swift in Sources */,
				2B73E8561D188FC300B5C178 /* ViewController.swift in Sources */,
				2B73E8541D188FC300B5C178 /* AppDelegate.swift in Sources */,
				2B73E8841D189A4500B5C178 /* HomeViewController.swift in Sources */,
			);
			runOnlyForDeploymentPostprocessing = 0;
		};
		2B73E8601D188FC300B5C178 /* Sources */ = {
			isa = PBXSourcesBuildPhase;
			buildActionMask = 2147483647;
			files = (
				2B73E8691D188FC400B5C178 /* KaptureTests.swift in Sources */,
			);
			runOnlyForDeploymentPostprocessing = 0;
		};
		2B73E86B1D188FC400B5C178 /* Sources */ = {
			isa = PBXSourcesBuildPhase;
			buildActionMask = 2147483647;
			files = (
				2B73E8741D188FC400B5C178 /* KaptureUITests.swift in Sources */,
			);
			runOnlyForDeploymentPostprocessing = 0;
		};
/* End PBXSourcesBuildPhase section */

/* Begin PBXTargetDependency section */
		2B73E8661D188FC400B5C178 /* PBXTargetDependency */ = {
			isa = PBXTargetDependency;
			target = 2B73E84F1D188FC300B5C178 /* Kapture */;
			targetProxy = 2B73E8651D188FC400B5C178 /* PBXContainerItemProxy */;
		};
		2B73E8711D188FC400B5C178 /* PBXTargetDependency */ = {
			isa = PBXTargetDependency;
			target = 2B73E84F1D188FC300B5C178 /* Kapture */;
			targetProxy = 2B73E8701D188FC400B5C178 /* PBXContainerItemProxy */;
		};
/* End PBXTargetDependency section */

/* Begin PBXVariantGroup section */
		2B73E8571D188FC300B5C178 /* Main.storyboard */ = {
			isa = PBXVariantGroup;
			children = (
				2B73E8581D188FC300B5C178 /* Base */,
			);
			name = Main.storyboard;
			sourceTree = "<group>";
		};
		2B73E85C1D188FC300B5C178 /* LaunchScreen.storyboard */ = {
			isa = PBXVariantGroup;
			children = (
				2B73E85D1D188FC300B5C178 /* Base */,
			);
			name = LaunchScreen.storyboard;
			sourceTree = "<group>";
		};
/* End PBXVariantGroup section */

/* Begin XCBuildConfiguration section */
		2B73E8761D188FC400B5C178 /* Debug */ = {
			isa = XCBuildConfiguration;
			buildSettings = {
				ALWAYS_SEARCH_USER_PATHS = NO;
				CLANG_ANALYZER_NONNULL = YES;
				CLANG_CXX_LANGUAGE_STANDARD = "gnu++0x";
				CLANG_CXX_LIBRARY = "libc++";
				CLANG_ENABLE_MODULES = YES;
				CLANG_ENABLE_OBJC_ARC = YES;
				CLANG_WARN_BOOL_CONVERSION = YES;
				CLANG_WARN_CONSTANT_CONVERSION = YES;
				CLANG_WARN_DIRECT_OBJC_ISA_USAGE = YES_ERROR;
				CLANG_WARN_EMPTY_BODY = YES;
				CLANG_WARN_ENUM_CONVERSION = YES;
				CLANG_WARN_INT_CONVERSION = YES;
				CLANG_WARN_OBJC_ROOT_CLASS = YES_ERROR;
				CLANG_WARN_UNREACHABLE_CODE = YES;
				CLANG_WARN__DUPLICATE_METHOD_MATCH = YES;
				"CODE_SIGN_IDENTITY[sdk=iphoneos*]" = "iPhone Developer";
				COPY_PHASE_STRIP = NO;
				DEBUG_INFORMATION_FORMAT = dwarf;
				ENABLE_STRICT_OBJC_MSGSEND = YES;
				ENABLE_TESTABILITY = YES;
				GCC_C_LANGUAGE_STANDARD = gnu99;
				GCC_DYNAMIC_NO_PIC = NO;
				GCC_NO_COMMON_BLOCKS = YES;
				GCC_OPTIMIZATION_LEVEL = 0;
				GCC_PREPROCESSOR_DEFINITIONS = (
					"DEBUG=1",
					"$(inherited)",
				);
				GCC_WARN_64_TO_32_BIT_CONVERSION = YES;
				GCC_WARN_ABOUT_RETURN_TYPE = YES_ERROR;
				GCC_WARN_UNDECLARED_SELECTOR = YES;
				GCC_WARN_UNINITIALIZED_AUTOS = YES_AGGRESSIVE;
				GCC_WARN_UNUSED_FUNCTION = YES;
				GCC_WARN_UNUSED_VARIABLE = YES;
				IPHONEOS_DEPLOYMENT_TARGET = 9.3;
				MTL_ENABLE_DEBUG_INFO = YES;
				ONLY_ACTIVE_ARCH = YES;
				SDKROOT = iphoneos;
				SWIFT_OPTIMIZATION_LEVEL = "-Onone";
			};
			name = Debug;
		};
		2B73E8771D188FC400B5C178 /* Release */ = {
			isa = XCBuildConfiguration;
			buildSettings = {
				ALWAYS_SEARCH_USER_PATHS = NO;
				CLANG_ANALYZER_NONNULL = YES;
				CLANG_CXX_LANGUAGE_STANDARD = "gnu++0x";
				CLANG_CXX_LIBRARY = "libc++";
				CLANG_ENABLE_MODULES = YES;
				CLANG_ENABLE_OBJC_ARC = YES;
				CLANG_WARN_BOOL_CONVERSION = YES;
				CLANG_WARN_CONSTANT_CONVERSION = YES;
				CLANG_WARN_DIRECT_OBJC_ISA_USAGE = YES_ERROR;
				CLANG_WARN_EMPTY_BODY = YES;
				CLANG_WARN_ENUM_CONVERSION = YES;
				CLANG_WARN_INT_CONVERSION = YES;
				CLANG_WARN_OBJC_ROOT_CLASS = YES_ERROR;
				CLANG_WARN_UNREACHABLE_CODE = YES;
				CLANG_WARN__DUPLICATE_METHOD_MATCH = YES;
				"CODE_SIGN_IDENTITY[sdk=iphoneos*]" = "iPhone Developer";
				COPY_PHASE_STRIP = NO;
				DEBUG_INFORMATION_FORMAT = "dwarf-with-dsym";
				ENABLE_NS_ASSERTIONS = NO;
				ENABLE_STRICT_OBJC_MSGSEND = YES;
				GCC_C_LANGUAGE_STANDARD = gnu99;
				GCC_NO_COMMON_BLOCKS = YES;
				GCC_WARN_64_TO_32_BIT_CONVERSION = YES;
				GCC_WARN_ABOUT_RETURN_TYPE = YES_ERROR;
				GCC_WARN_UNDECLARED_SELECTOR = YES;
				GCC_WARN_UNINITIALIZED_AUTOS = YES_AGGRESSIVE;
				GCC_WARN_UNUSED_FUNCTION = YES;
				GCC_WARN_UNUSED_VARIABLE = YES;
				IPHONEOS_DEPLOYMENT_TARGET = 9.3;
				MTL_ENABLE_DEBUG_INFO = NO;
				SDKROOT = iphoneos;
				VALIDATE_PRODUCT = YES;
			};
			name = Release;
		};
		2B73E8791D188FC400B5C178 /* Debug */ = {
			isa = XCBuildConfiguration;
			baseConfigurationReference = FB7C882568F18D309B02CD67 /* Pods-Kapture.debug.xcconfig */;
			buildSettings = {
				ASSETCATALOG_COMPILER_APPICON_NAME = AppIcon;
				INFOPLIST_FILE = Kapture/Info.plist;
				LD_RUNPATH_SEARCH_PATHS = "$(inherited) @executable_path/Frameworks";
				PRODUCT_BUNDLE_IDENTIFIER = com.codepath.Kapture;
				PRODUCT_NAME = "$(TARGET_NAME)";
			};
			name = Debug;
		};
		2B73E87A1D188FC400B5C178 /* Release */ = {
			isa = XCBuildConfiguration;
			baseConfigurationReference = F670C9177F27E6BB27C03E0D /* Pods-Kapture.release.xcconfig */;
			buildSettings = {
				ASSETCATALOG_COMPILER_APPICON_NAME = AppIcon;
				INFOPLIST_FILE = Kapture/Info.plist;
				LD_RUNPATH_SEARCH_PATHS = "$(inherited) @executable_path/Frameworks";
				PRODUCT_BUNDLE_IDENTIFIER = com.codepath.Kapture;
				PRODUCT_NAME = "$(TARGET_NAME)";
			};
			name = Release;
		};
		2B73E87C1D188FC400B5C178 /* Debug */ = {
			isa = XCBuildConfiguration;
			baseConfigurationReference = 9E48CFBB805F5C4676CF7661 /* Pods-KaptureTests.debug.xcconfig */;
			buildSettings = {
				BUNDLE_LOADER = "$(TEST_HOST)";
				INFOPLIST_FILE = KaptureTests/Info.plist;
				LD_RUNPATH_SEARCH_PATHS = "$(inherited) @executable_path/Frameworks @loader_path/Frameworks";
				PRODUCT_BUNDLE_IDENTIFIER = com.codepath.KaptureTests;
				PRODUCT_NAME = "$(TARGET_NAME)";
				TEST_HOST = "$(BUILT_PRODUCTS_DIR)/Kapture.app/Kapture";
			};
			name = Debug;
		};
		2B73E87D1D188FC400B5C178 /* Release */ = {
			isa = XCBuildConfiguration;
			baseConfigurationReference = 40F55E2A8F71AE6C07E60350 /* Pods-KaptureTests.release.xcconfig */;
			buildSettings = {
				BUNDLE_LOADER = "$(TEST_HOST)";
				INFOPLIST_FILE = KaptureTests/Info.plist;
				LD_RUNPATH_SEARCH_PATHS = "$(inherited) @executable_path/Frameworks @loader_path/Frameworks";
				PRODUCT_BUNDLE_IDENTIFIER = com.codepath.KaptureTests;
				PRODUCT_NAME = "$(TARGET_NAME)";
				TEST_HOST = "$(BUILT_PRODUCTS_DIR)/Kapture.app/Kapture";
			};
			name = Release;
		};
		2B73E87F1D188FC400B5C178 /* Debug */ = {
			isa = XCBuildConfiguration;
			baseConfigurationReference = E0701B64A4C8D28E6493DCE6 /* Pods-KaptureUITests.debug.xcconfig */;
			buildSettings = {
				INFOPLIST_FILE = KaptureUITests/Info.plist;
				LD_RUNPATH_SEARCH_PATHS = "$(inherited) @executable_path/Frameworks @loader_path/Frameworks";
				PRODUCT_BUNDLE_IDENTIFIER = com.codepath.KaptureUITests;
				PRODUCT_NAME = "$(TARGET_NAME)";
				TEST_TARGET_NAME = Kapture;
			};
			name = Debug;
		};
		2B73E8801D188FC400B5C178 /* Release */ = {
			isa = XCBuildConfiguration;
			baseConfigurationReference = 5F0A1EDC9EC45A762E4ADC6A /* Pods-KaptureUITests.release.xcconfig */;
			buildSettings = {
				INFOPLIST_FILE = KaptureUITests/Info.plist;
				LD_RUNPATH_SEARCH_PATHS = "$(inherited) @executable_path/Frameworks @loader_path/Frameworks";
				PRODUCT_BUNDLE_IDENTIFIER = com.codepath.KaptureUITests;
				PRODUCT_NAME = "$(TARGET_NAME)";
				TEST_TARGET_NAME = Kapture;
			};
			name = Release;
		};
/* End XCBuildConfiguration section */

/* Begin XCConfigurationList section */
		2B73E84B1D188FC300B5C178 /* Build configuration list for PBXProject "Kapture" */ = {
			isa = XCConfigurationList;
			buildConfigurations = (
				2B73E8761D188FC400B5C178 /* Debug */,
				2B73E8771D188FC400B5C178 /* Release */,
			);
			defaultConfigurationIsVisible = 0;
			defaultConfigurationName = Release;
		};
		2B73E8781D188FC400B5C178 /* Build configuration list for PBXNativeTarget "Kapture" */ = {
			isa = XCConfigurationList;
			buildConfigurations = (
				2B73E8791D188FC400B5C178 /* Debug */,
				2B73E87A1D188FC400B5C178 /* Release */,
			);
			defaultConfigurationIsVisible = 0;
			defaultConfigurationName = Release;
		};
		2B73E87B1D188FC400B5C178 /* Build configuration list for PBXNativeTarget "KaptureTests" */ = {
			isa = XCConfigurationList;
			buildConfigurations = (
				2B73E87C1D188FC400B5C178 /* Debug */,
				2B73E87D1D188FC400B5C178 /* Release */,
			);
			defaultConfigurationIsVisible = 0;
			defaultConfigurationName = Release;
		};
		2B73E87E1D188FC400B5C178 /* Build configuration list for PBXNativeTarget "KaptureUITests" */ = {
			isa = XCConfigurationList;
			buildConfigurations = (
				2B73E87F1D188FC400B5C178 /* Debug */,
				2B73E8801D188FC400B5C178 /* Release */,
			);
			defaultConfigurationIsVisible = 0;
			defaultConfigurationName = Release;
		};
/* End XCConfigurationList section */
	};
	rootObject = 2B73E8481D188FC300B5C178 /* Project object */;
}
